PODS:
  - Flutter (1.0.0)
  - permission_handler_apple (9.0.4):
    - Flutter
  - speech_to_text (0.0.1):
    - Flutter
    - Try
  - text_to_speech (0.0.1):
    - Flutter
  - Try (2.1.1)

DEPENDENCIES:
  - Flutter (from `Flutter`)
  - permission_handler_apple (from `.symlinks/plugins/permission_handler_apple/ios`)
  - speech_to_text (from `.symlinks/plugins/speech_to_text/ios`)
  - text_to_speech (from `.symlinks/plugins/text_to_speech/ios`)

SPEC REPOS:
  trunk:
    - Try

EXTERNAL SOURCES:
  Flutter:
    :path: Flutter
  permission_handler_apple:
    :path: ".symlinks/plugins/permission_handler_apple/ios"
  speech_to_text:
    :path: ".symlinks/plugins/speech_to_text/ios"
  text_to_speech:
    :path: ".symlinks/plugins/text_to_speech/ios"

SPEC CHECKSUMS:
  Flutter: f04841e97a9d0b0a8025694d0796dd46242b2854
  permission_handler_apple: 44366e37eaf29454a1e7b1b7d736c2cceaeb17ce
  speech_to_text: b43a7d99aef037bd758ed8e45d79bbac035d2dfe
  text_to_speech: 8669facdbd5b72d2939b810493defd991634f6f9
  Try: 5ef669ae832617b3cee58cb2c6f99fb767a4ff96

PODFILE CHECKSUM: 5e43b6e6460c0bd75acfc9cb96d2362893b5eb16

COCOAPODS: 1.11.3
